
Microsoft Visual Studio Solution File, Format Version 12.00
# Visual Studio 15
VisualStudioVersion = 15.0.27428.2002
MinimumVisualStudioVersion = 10.0.40219.1
Project("{9A19103F-16F7-4668-BE54-9A1E7A4F7556}") = "RSS.Data", "RSS.Data\RSS.Data.csproj", "{B68331AA-3F67-4D3A-9D50-43B6F39AC130}"
EndProject
Project("{9A19103F-16F7-4668-BE54-9A1E7A4F7556}") = "RSS.DAL", "RSS.DAL\RSS.DAL.csproj", "{366DB81F-56F6-41C6-A9AD-963E7F877EE7}"
EndProject
Project("{9A19103F-16F7-4668-BE54-9A1E7A4F7556}") = "RSS.Service", "RSS.Service\RSS.Service.csproj", "{567D4CFF-0512-4DE5-BCAA-AE6401431D0E}"
EndProject
Project("{9A19103F-16F7-4668-BE54-9A1E7A4F7556}") = "RSS.Web", "RSS.Web\RSS.Web.csproj", "{71DB52DB-F259-4940-A442-3945333F6B31}"
EndProject
Project("{9A19103F-16F7-4668-BE54-9A1E7A4F7556}") = "ConsoleApp1", "ConsoleApp1\ConsoleApp1.csproj", "{7F8171FA-E941-4586-A449-E898CBAEEB2A}"
EndProject
Project("{9A19103F-16F7-4668-BE54-9A1E7A4F7556}") = "delete", "delete\delete.csproj", "{298C8818-1035-4555-BA0F-E30724A0C7ED}"
EndProject
Project("{FAE04EC0-301F-11D3-BF4B-00C04F79EFBC}") = "RPS", "RPS\RPS.csproj", "{CE641FFD-8E1D-43A6-B6A9-29C85BEA33DA}"
EndProject
Global
	GlobalSection(SolutionConfigurationPlatforms) = preSolution
		Debug|Any CPU = Debug|Any CPU
		Release|Any CPU = Release|Any CPU
	EndGlobalSection
	GlobalSection(ProjectConfigurationPlatforms) = postSolution
		{B68331AA-3F67-4D3A-9D50-43B6F39AC130}.Debug|Any CPU.ActiveCfg = Debug|Any CPU
		{B68331AA-3F67-4D3A-9D50-43B6F39AC130}.Debug|Any CPU.Build.0 = Debug|Any CPU
		{B68331AA-3F67-4D3A-9D50-43B6F39AC130}.Release|Any CPU.ActiveCfg = Release|Any CPU
		{B68331AA-3F67-4D3A-9D50-43B6F39AC130}.Release|Any CPU.Build.0 = Release|Any CPU
		{366DB81F-56F6-41C6-A9AD-963E7F877EE7}.Debug|Any CPU.ActiveCfg = Debug|Any CPU
		{366DB81F-56F6-41C6-A9AD-963E7F877EE7}.Debug|Any CPU.Build.0 = Debug|Any CPU
		{366DB81F-56F6-41C6-A9AD-963E7F877EE7}.Release|Any CPU.ActiveCfg = Release|Any CPU
		{366DB81F-56F6-41C6-A9AD-963E7F877EE7}.Release|Any CPU.Build.0 = Release|Any CPU
		{567D4CFF-0512-4DE5-BCAA-AE6401431D0E}.Debug|Any CPU.ActiveCfg = Debug|Any CPU
		{567D4CFF-0512-4DE5-BCAA-AE6401431D0E}.Debug|Any CPU.Build.0 = Debug|Any CPU
		{567D4CFF-0512-4DE5-BCAA-AE6401431D0E}.Release|Any CPU.ActiveCfg = Release|Any CPU
		{567D4CFF-0512-4DE5-BCAA-AE6401431D0E}.Release|Any CPU.Build.0 = Release|Any CPU
		{71DB52DB-F259-4940-A442-3945333F6B31}.Debug|Any CPU.ActiveCfg = Debug|Any CPU
		{71DB52DB-F259-4940-A442-3945333F6B31}.Debug|Any CPU.Build.0 = Debug|Any CPU
		{71DB52DB-F259-4940-A442-3945333F6B31}.Release|Any CPU.ActiveCfg = Release|Any CPU
		{71DB52DB-F259-4940-A442-3945333F6B31}.Release|Any CPU.Build.0 = Release|Any CPU
		{7F8171FA-E941-4586-A449-E898CBAEEB2A}.Debug|Any CPU.ActiveCfg = Debug|Any CPU
		{7F8171FA-E941-4586-A449-E898CBAEEB2A}.Debug|Any CPU.Build.0 = Debug|Any CPU
		{7F8171FA-E941-4586-A449-E898CBAEEB2A}.Release|Any CPU.ActiveCfg = Release|Any CPU
		{7F8171FA-E941-4586-A449-E898CBAEEB2A}.Release|Any CPU.Build.0 = Release|Any CPU
		{298C8818-1035-4555-BA0F-E30724A0C7ED}.Debug|Any CPU.ActiveCfg = Debug|Any CPU
		{298C8818-1035-4555-BA0F-E30724A0C7ED}.Debug|Any CPU.Build.0 = Debug|Any CPU
		{298C8818-1035-4555-BA0F-E30724A0C7ED}.Release|Any CPU.ActiveCfg = Release|Any CPU
		{298C8818-1035-4555-BA0F-E30724A0C7ED}.Release|Any CPU.Build.0 = Release|Any CPU
		{CE641FFD-8E1D-43A6-B6A9-29C85BEA33DA}.Debug|Any CPU.ActiveCfg = Debug|Any CPU
		{CE641FFD-8E1D-43A6-B6A9-29C85BEA33DA}.Debug|Any CPU.Build.0 = Debug|Any CPU
		{CE641FFD-8E1D-43A6-B6A9-29C85BEA33DA}.Release|Any CPU.ActiveCfg = Release|Any CPU
		{CE641FFD-8E1D-43A6-B6A9-29C85BEA33DA}.Release|Any CPU.Build.0 = Release|Any CPU
	EndGlobalSection
	GlobalSection(SolutionProperties) = preSolution
		HideSolutionNode = FALSE
	EndGlobalSection
	GlobalSection(ExtensibilityGlobals) = postSolution
		SolutionGuid = {E15D41FB-6709-41BD-A624-1F7664E0143B}
	EndGlobalSection
EndGlobal
